
Microsoft Visual Studio Solution File, Format Version 12.00
# Visual Studio Version 16
VisualStudioVersion = 16.0.31410.357
MinimumVisualStudioVersion = 10.0.40219.1
Project("{FAE04EC0-301F-11D3-BF4B-00C04F79EFBC}") = "ArrayLists", "ArrayLists\ArrayLists.csproj", "{55FB6FD0-25D4-4F9E-AEF4-23CD43077F25}"
EndProject
Global
	GlobalSection(SolutionConfigurationPlatforms) = preSolution
		Debug|Any CPU = Debug|Any CPU
		Release|Any CPU = Release|Any CPU
	EndGlobalSection
	GlobalSection(ProjectConfigurationPlatforms) = postSolution
		{55FB6FD0-25D4-4F9E-AEF4-23CD43077F25}.Debug|Any CPU.ActiveCfg = Debug|Any CPU
		{55FB6FD0-25D4-4F9E-AEF4-23CD43077F25}.Debug|Any CPU.Build.0 = Debug|Any CPU
		{55FB6FD0-25D4-4F9E-AEF4-23CD43077F25}.Release|Any CPU.ActiveCfg = Release|Any CPU
		{55FB6FD0-25D4-4F9E-AEF4-23CD43077F25}.Release|Any CPU.Build.0 = Release|Any CPU
	EndGlobalSection
	GlobalSection(SolutionProperties) = preSolution
		HideSolutionNode = FALSE
	EndGlobalSection
	GlobalSection(ExtensibilityGlobals) = postSolution
		SolutionGuid = {A11EF193-82A9-4533-9EE8-392EB52BB125}
	EndGlobalSection
EndGlobal
